
Microsoft Visual Studio Solution File, Format Version 12.00
# Visual Studio Version 17
VisualStudioVersion = 17.0.31903.59
MinimumVisualStudioVersion = 10.0.40219.1
Project("{2150E333-8FDC-42A3-9474-1A3956D46DE8}") = "tests", "tests", "{0AB3BF05-4346-4AA6-1389-037BE0695223}"
EndProject
Project("{FAE04EC0-301F-11D3-BF4B-00C04F79EFBC}") = "Dsf.ModuleBoundaries.Tests", "tests\Dsf.ModuleBoundaries.Tests\Dsf.ModuleBoundaries.Tests.csproj", "{C11A64D2-B9E0-4BB1-AC39-84A173AFFCBD}"
EndProject
Project("{2150E333-8FDC-42A3-9474-1A3956D46DE8}") = "src", "src", "{827E0CD3-B72D-47B6-A68D-7590B98EB39B}"
EndProject
Project("{FAE04EC0-301F-11D3-BF4B-00C04F79EFBC}") = "Dsf.Core", "src\Dsf.Core\Dsf.Core.csproj", "{32237627-6D59-4F15-B650-FE8955131C4F}"
EndProject
Project("{FAE04EC0-301F-11D3-BF4B-00C04F79EFBC}") = "Dsf.FeatureCouncil", "src\Dsf.FeatureCouncil\Dsf.FeatureCouncil.csproj", "{854DCBC0-1D7B-478E-AC20-48951037B5ED}"
EndProject
Project("{FAE04EC0-301F-11D3-BF4B-00C04F79EFBC}") = "Dsf.Cli", "src\Dsf.Cli\Dsf.Cli.csproj", "{39F043B5-9424-4524-B95E-EB974B347363}"
EndProject
Project("{FAE04EC0-301F-11D3-BF4B-00C04F79EFBC}") = "Dsf.Runtime", "src\Dsf.Runtime\Dsf.Runtime.csproj", "{CAA80729-17AC-44B0-9633-77BB991557BD}"
EndProject
Project("{FAE04EC0-301F-11D3-BF4B-00C04F79EFBC}") = "Dsf.ControlCenter", "src\Dsf.ControlCenter\Dsf.ControlCenter.csproj", "{A21126C4-8CD0-4C79-956C-BBF75E678259}"
EndProject
Project("{FAE04EC0-301F-11D3-BF4B-00C04F79EFBC}") = "Dsf.AgentHost", "src\Dsf.AgentHost\Dsf.AgentHost.csproj", "{D0485D4F-2CBD-4857-A7FE-AE68CC8D5181}"
EndProject
Project("{FAE04EC0-301F-11D3-BF4B-00C04F79EFBC}") = "Dsf.Testing", "src\Dsf.Testing\Dsf.Testing.csproj", "{972CE356-0D0F-48D4-8780-9AC12732AB62}"
EndProject
Project("{FAE04EC0-301F-11D3-BF4B-00C04F79EFBC}") = "Dsf.Core.Tests", "tests\Dsf.Core.Tests\Dsf.Core.Tests.csproj", "{C346ADA1-39A4-403A-A2F4-399F644A4089}"
EndProject
Project("{FAE04EC0-301F-11D3-BF4B-00C04F79EFBC}") = "Dsf.Cli.Tests", "tests\Dsf.Cli.Tests\Dsf.Cli.Tests.csproj", "{6636F690-8F9A-48F1-9B67-EE93B4E2EE62}"
EndProject
Project("{FAE04EC0-301F-11D3-BF4B-00C04F79EFBC}") = "Dsf.Runtime.Tests", "tests\Dsf.Runtime.Tests\Dsf.Runtime.Tests.csproj", "{C8A5DD1F-9E81-4A9B-8195-FA6E38E85A02}"
EndProject
Project("{FAE04EC0-301F-11D3-BF4B-00C04F79EFBC}") = "Dsf.FeatureCouncil.Tests", "tests\Dsf.FeatureCouncil.Tests\Dsf.FeatureCouncil.Tests.csproj", "{A9C306AA-A8AB-4972-8283-A1FCDA54467A}"
EndProject
Project("{FAE04EC0-301F-11D3-BF4B-00C04F79EFBC}") = "Dsf.ControlCenter.Tests", "tests\Dsf.ControlCenter.Tests\Dsf.ControlCenter.Tests.csproj", "{2320FDAC-117E-4353-BF07-7F47F5AC5DA7}"
EndProject
Global
	GlobalSection(SolutionConfigurationPlatforms) = preSolution
		Debug|Any CPU = Debug|Any CPU
		Debug|x64 = Debug|x64
		Debug|x86 = Debug|x86
		Release|Any CPU = Release|Any CPU
		Release|x64 = Release|x64
		Release|x86 = Release|x86
	EndGlobalSection
	GlobalSection(ProjectConfigurationPlatforms) = postSolution
		{C11A64D2-B9E0-4BB1-AC39-84A173AFFCBD}.Debug|Any CPU.ActiveCfg = Debug|Any CPU
		{C11A64D2-B9E0-4BB1-AC39-84A173AFFCBD}.Debug|Any CPU.Build.0 = Debug|Any CPU
		{C11A64D2-B9E0-4BB1-AC39-84A173AFFCBD}.Debug|x64.ActiveCfg = Debug|Any CPU
		{C11A64D2-B9E0-4BB1-AC39-84A173AFFCBD}.Debug|x64.Build.0 = Debug|Any CPU
		{C11A64D2-B9E0-4BB1-AC39-84A173AFFCBD}.Debug|x86.ActiveCfg = Debug|Any CPU
		{C11A64D2-B9E0-4BB1-AC39-84A173AFFCBD}.Debug|x86.Build.0 = Debug|Any CPU
		{C11A64D2-B9E0-4BB1-AC39-84A173AFFCBD}.Release|Any CPU.ActiveCfg = Release|Any CPU
		{C11A64D2-B9E0-4BB1-AC39-84A173AFFCBD}.Release|Any CPU.Build.0 = Release|Any CPU
		{C11A64D2-B9E0-4BB1-AC39-84A173AFFCBD}.Release|x64.ActiveCfg = Release|Any CPU
		{C11A64D2-B9E0-4BB1-AC39-84A173AFFCBD}.Release|x64.Build.0 = Release|Any CPU
		{C11A64D2-B9E0-4BB1-AC39-84A173AFFCBD}.Release|x86.ActiveCfg = Release|Any CPU
		{C11A64D2-B9E0-4BB1-AC39-84A173AFFCBD}.Release|x86.Build.0 = Release|Any CPU
		{32237627-6D59-4F15-B650-FE8955131C4F}.Debug|Any CPU.ActiveCfg = Debug|Any CPU
		{32237627-6D59-4F15-B650-FE8955131C4F}.Debug|Any CPU.Build.0 = Debug|Any CPU
		{32237627-6D59-4F15-B650-FE8955131C4F}.Debug|x64.ActiveCfg = Debug|Any CPU
		{32237627-6D59-4F15-B650-FE8955131C4F}.Debug|x64.Build.0 = Debug|Any CPU
		{32237627-6D59-4F15-B650-FE8955131C4F}.Debug|x86.ActiveCfg = Debug|Any CPU
		{32237627-6D59-4F15-B650-FE8955131C4F}.Debug|x86.Build.0 = Debug|Any CPU
		{32237627-6D59-4F15-B650-FE8955131C4F}.Release|Any CPU.ActiveCfg = Release|Any CPU
		{32237627-6D59-4F15-B650-FE8955131C4F}.Release|Any CPU.Build.0 = Release|Any CPU
		{32237627-6D59-4F15-B650-FE8955131C4F}.Release|x64.ActiveCfg = Release|Any CPU
		{32237627-6D59-4F15-B650-FE8955131C4F}.Release|x64.Build.0 = Release|Any CPU
		{32237627-6D59-4F15-B650-FE8955131C4F}.Release|x86.ActiveCfg = Release|Any CPU
		{32237627-6D59-4F15-B650-FE8955131C4F}.Release|x86.Build.0 = Release|Any CPU
		{854DCBC0-1D7B-478E-AC20-48951037B5ED}.Debug|Any CPU.ActiveCfg = Debug|Any CPU
		{854DCBC0-1D7B-478E-AC20-48951037B5ED}.Debug|Any CPU.Build.0 = Debug|Any CPU
		{854DCBC0-1D7B-478E-AC20-48951037B5ED}.Debug|x64.ActiveCfg = Debug|Any CPU
		{854DCBC0-1D7B-478E-AC20-48951037B5ED}.Debug|x64.Build.0 = Debug|Any CPU
		{854DCBC0-1D7B-478E-AC20-48951037B5ED}.Debug|x86.ActiveCfg = Debug|Any CPU
		{854DCBC0-1D7B-478E-AC20-48951037B5ED}.Debug|x86.Build.0 = Debug|Any CPU
		{854DCBC0-1D7B-478E-AC20-48951037B5ED}.Release|Any CPU.ActiveCfg = Release|Any CPU
		{854DCBC0-1D7B-478E-AC20-48951037B5ED}.Release|Any CPU.Build.0 = Release|Any CPU
		{854DCBC0-1D7B-478E-AC20-48951037B5ED}.Release|x64.ActiveCfg = Release|Any CPU
		{854DCBC0-1D7B-478E-AC20-48951037B5ED}.Release|x64.Build.0 = Release|Any CPU
		{854DCBC0-1D7B-478E-AC20-48951037B5ED}.Release|x86.ActiveCfg = Release|Any CPU
		{854DCBC0-1D7B-478E-AC20-48951037B5ED}.Release|x86.Build.0 = Release|Any CPU
		{39F043B5-9424-4524-B95E-EB974B347363}.Debug|Any CPU.ActiveCfg = Debug|Any CPU
		{39F043B5-9424-4524-B95E-EB974B347363}.Debug|Any CPU.Build.0 = Debug|Any CPU
		{39F043B5-9424-4524-B95E-EB974B347363}.Debug|x64.ActiveCfg = Debug|Any CPU
		{39F043B5-9424-4524-B95E-EB974B347363}.Debug|x64.Build.0 = Debug|Any CPU
		{39F043B5-9424-4524-B95E-EB974B347363}.Debug|x86.ActiveCfg = Debug|Any CPU
		{39F043B5-9424-4524-B95E-EB974B347363}.Debug|x86.Build.0 = Debug|Any CPU
		{39F043B5-9424-4524-B95E-EB974B347363}.Release|Any CPU.ActiveCfg = Release|Any CPU
		{39F043B5-9424-4524-B95E-EB974B347363}.Release|Any CPU.Build.0 = Release|Any CPU
		{39F043B5-9424-4524-B95E-EB974B347363}.Release|x64.ActiveCfg = Release|Any CPU
		{39F043B5-9424-4524-B95E-EB974B347363}.Release|x64.Build.0 = Release|Any CPU
		{39F043B5-9424-4524-B95E-EB974B347363}.Release|x86.ActiveCfg = Release|Any CPU
		{39F043B5-9424-4524-B95E-EB974B347363}.Release|x86.Build.0 = Release|Any CPU
		{CAA80729-17AC-44B0-9633-77BB991557BD}.Debug|Any CPU.ActiveCfg = Debug|Any CPU
		{CAA80729-17AC-44B0-9633-77BB991557BD}.Debug|Any CPU.Build.0 = Debug|Any CPU
		{CAA80729-17AC-44B0-9633-77BB991557BD}.Debug|x64.ActiveCfg = Debug|Any CPU
		{CAA80729-17AC-44B0-9633-77BB991557BD}.Debug|x64.Build.0 = Debug|Any CPU
		{CAA80729-17AC-44B0-9633-77BB991557BD}.Debug|x86.ActiveCfg = Debug|Any CPU
		{CAA80729-17AC-44B0-9633-77BB991557BD}.Debug|x86.Build.0 = Debug|Any CPU
		{CAA80729-17AC-44B0-9633-77BB991557BD}.Release|Any CPU.ActiveCfg = Release|Any CPU
		{CAA80729-17AC-44B0-9633-77BB991557BD}.Release|Any CPU.Build.0 = Release|Any CPU
		{CAA80729-17AC-44B0-9633-77BB991557BD}.Release|x64.ActiveCfg = Release|Any CPU
		{CAA80729-17AC-44B0-9633-77BB991557BD}.Release|x64.Build.0 = Release|Any CPU
		{CAA80729-17AC-44B0-9633-77BB991557BD}.Release|x86.ActiveCfg = Release|Any CPU
		{CAA80729-17AC-44B0-9633-77BB991557BD}.Release|x86.Build.0 = Release|Any CPU
		{A21126C4-8CD0-4C79-956C-BBF75E678259}.Debug|Any CPU.ActiveCfg = Debug|Any CPU
		{A21126C4-8CD0-4C79-956C-BBF75E678259}.Debug|Any CPU.Build.0 = Debug|Any CPU
		{A21126C4-8CD0-4C79-956C-BBF75E678259}.Debug|x64.ActiveCfg = Debug|Any CPU
		{A21126C4-8CD0-4C79-956C-BBF75E678259}.Debug|x64.Build.0 = Debug|Any CPU
		{A21126C4-8CD0-4C79-956C-BBF75E678259}.Debug|x86.ActiveCfg = Debug|Any CPU
		{A21126C4-8CD0-4C79-956C-BBF75E678259}.Debug|x86.Build.0 = Debug|Any CPU
		{A21126C4-8CD0-4C79-956C-BBF75E678259}.Release|Any CPU.ActiveCfg = Release|Any CPU
		{A21126C4-8CD0-4C79-956C-BBF75E678259}.Release|Any CPU.Build.0 = Release|Any CPU
		{A21126C4-8CD0-4C79-956C-BBF75E678259}.Release|x64.ActiveCfg = Release|Any CPU
		{A21126C4-8CD0-4C79-956C-BBF75E678259}.Release|x64.Build.0 = Release|Any CPU
		{A21126C4-8CD0-4C79-956C-BBF75E678259}.Release|x86.ActiveCfg = Release|Any CPU
		{A21126C4-8CD0-4C79-956C-BBF75E678259}.Release|x86.Build.0 = Release|Any CPU
		{D0485D4F-2CBD-4857-A7FE-AE68CC8D5181}.Debug|Any CPU.ActiveCfg = Debug|Any CPU
		{D0485D4F-2CBD-4857-A7FE-AE68CC8D5181}.Debug|Any CPU.Build.0 = Debug|Any CPU
		{D0485D4F-2CBD-4857-A7FE-AE68CC8D5181}.Debug|x64.ActiveCfg = Debug|Any CPU
		{D0485D4F-2CBD-4857-A7FE-AE68CC8D5181}.Debug|x64.Build.0 = Debug|Any CPU
		{D0485D4F-2CBD-4857-A7FE-AE68CC8D5181}.Debug|x86.ActiveCfg = Debug|Any CPU
		{D0485D4F-2CBD-4857-A7FE-AE68CC8D5181}.Debug|x86.Build.0 = Debug|Any CPU
		{D0485D4F-2CBD-4857-A7FE-AE68CC8D5181}.Release|Any CPU.ActiveCfg = Release|Any CPU
		{D0485D4F-2CBD-4857-A7FE-AE68CC8D5181}.Release|Any CPU.Build.0 = Release|Any CPU
		{D0485D4F-2CBD-4857-A7FE-AE68CC8D5181}.Release|x64.ActiveCfg = Release|Any CPU
		{D0485D4F-2CBD-4857-A7FE-AE68CC8D5181}.Release|x64.Build.0 = Release|Any CPU
		{D0485D4F-2CBD-4857-A7FE-AE68CC8D5181}.Release|x86.ActiveCfg = Release|Any CPU
		{D0485D4F-2CBD-4857-A7FE-AE68CC8D5181}.Release|x86.Build.0 = Release|Any CPU
		{972CE356-0D0F-48D4-8780-9AC12732AB62}.Debug|Any CPU.ActiveCfg = Debug|Any CPU
		{972CE356-0D0F-48D4-8780-9AC12732AB62}.Debug|Any CPU.Build.0 = Debug|Any CPU
		{972CE356-0D0F-48D4-8780-9AC12732AB62}.Debug|x64.ActiveCfg = Debug|Any CPU
		{972CE356-0D0F-48D4-8780-9AC12732AB62}.Debug|x64.Build.0 = Debug|Any CPU
		{972CE356-0D0F-48D4-8780-9AC12732AB62}.Debug|x86.ActiveCfg = Debug|Any CPU
		{972CE356-0D0F-48D4-8780-9AC12732AB62}.Debug|x86.Build.0 = Debug|Any CPU
		{972CE356-0D0F-48D4-8780-9AC12732AB62}.Release|Any CPU.ActiveCfg = Release|Any CPU
		{972CE356-0D0F-48D4-8780-9AC12732AB62}.Release|Any CPU.Build.0 = Release|Any CPU
		{972CE356-0D0F-48D4-8780-9AC12732AB62}.Release|x64.ActiveCfg = Release|Any CPU
		{972CE356-0D0F-48D4-8780-9AC12732AB62}.Release|x64.Build.0 = Release|Any CPU
		{972CE356-0D0F-48D4-8780-9AC12732AB62}.Release|x86.ActiveCfg = Release|Any CPU
		{972CE356-0D0F-48D4-8780-9AC12732AB62}.Release|x86.Build.0 = Release|Any CPU
		{C346ADA1-39A4-403A-A2F4-399F644A4089}.Debug|Any CPU.ActiveCfg = Debug|Any CPU
		{C346ADA1-39A4-403A-A2F4-399F644A4089}.Debug|Any CPU.Build.0 = Debug|Any CPU
		{C346ADA1-39A4-403A-A2F4-399F644A4089}.Debug|x64.ActiveCfg = Debug|Any CPU
		{C346ADA1-39A4-403A-A2F4-399F644A4089}.Debug|x64.Build.0 = Debug|Any CPU
		{C346ADA1-39A4-403A-A2F4-399F644A4089}.Debug|x86.ActiveCfg = Debug|Any CPU
		{C346ADA1-39A4-403A-A2F4-399F644A4089}.Debug|x86.Build.0 = Debug|Any CPU
		{C346ADA1-39A4-403A-A2F4-399F644A4089}.Release|Any CPU.ActiveCfg = Release|Any CPU
		{C346ADA1-39A4-403A-A2F4-399F644A4089}.Release|Any CPU.Build.0 = Release|Any CPU
		{C346ADA1-39A4-403A-A2F4-399F644A4089}.Release|x64.ActiveCfg = Release|Any CPU
		{C346ADA1-39A4-403A-A2F4-399F644A4089}.Release|x64.Build.0 = Release|Any CPU
		{C346ADA1-39A4-403A-A2F4-399F644A4089}.Release|x86.ActiveCfg = Release|Any CPU
		{C346ADA1-39A4-403A-A2F4-399F644A4089}.Release|x86.Build.0 = Release|Any CPU
		{6636F690-8F9A-48F1-9B67-EE93B4E2EE62}.Debug|Any CPU.ActiveCfg = Debug|Any CPU
		{6636F690-8F9A-48F1-9B67-EE93B4E2EE62}.Debug|Any CPU.Build.0 = Debug|Any CPU
		{6636F690-8F9A-48F1-9B67-EE93B4E2EE62}.Debug|x64.ActiveCfg = Debug|Any CPU
		{6636F690-8F9A-48F1-9B67-EE93B4E2EE62}.Debug|x64.Build.0 = Debug|Any CPU
		{6636F690-8F9A-48F1-9B67-EE93B4E2EE62}.Debug|x86.ActiveCfg = Debug|Any CPU
		{6636F690-8F9A-48F1-9B67-EE93B4E2EE62}.Debug|x86.Build.0 = Debug|Any CPU
		{6636F690-8F9A-48F1-9B67-EE93B4E2EE62}.Release|Any CPU.ActiveCfg = Release|Any CPU
		{6636F690-8F9A-48F1-9B67-EE93B4E2EE62}.Release|Any CPU.Build.0 = Release|Any CPU
		{6636F690-8F9A-48F1-9B67-EE93B4E2EE62}.Release|x64.ActiveCfg = Release|Any CPU
		{6636F690-8F9A-48F1-9B67-EE93B4E2EE62}.Release|x64.Build.0 = Release|Any CPU
		{6636F690-8F9A-48F1-9B67-EE93B4E2EE62}.Release|x86.ActiveCfg = Release|Any CPU
		{6636F690-8F9A-48F1-9B67-EE93B4E2EE62}.Release|x86.Build.0 = Release|Any CPU
		{C8A5DD1F-9E81-4A9B-8195-FA6E38E85A02}.Debug|Any CPU.ActiveCfg = Debug|Any CPU
		{C8A5DD1F-9E81-4A9B-8195-FA6E38E85A02}.Debug|Any CPU.Build.0 = Debug|Any CPU
		{C8A5DD1F-9E81-4A9B-8195-FA6E38E85A02}.Debug|x64.ActiveCfg = Debug|Any CPU
		{C8A5DD1F-9E81-4A9B-8195-FA6E38E85A02}.Debug|x64.Build.0 = Debug|Any CPU
		{C8A5DD1F-9E81-4A9B-8195-FA6E38E85A02}.Debug|x86.ActiveCfg = Debug|Any CPU
		{C8A5DD1F-9E81-4A9B-8195-FA6E38E85A02}.Debug|x86.Build.0 = Debug|Any CPU
		{C8A5DD1F-9E81-4A9B-8195-FA6E38E85A02}.Release|Any CPU.ActiveCfg = Release|Any CPU
		{C8A5DD1F-9E81-4A9B-8195-FA6E38E85A02}.Release|Any CPU.Build.0 = Release|Any CPU
		{C8A5DD1F-9E81-4A9B-8195-FA6E38E85A02}.Release|x64.ActiveCfg = Release|Any CPU
		{C8A5DD1F-9E81-4A9B-8195-FA6E38E85A02}.Release|x64.Build.0 = Release|Any CPU
		{C8A5DD1F-9E81-4A9B-8195-FA6E38E85A02}.Release|x86.ActiveCfg = Release|Any CPU
		{C8A5DD1F-9E81-4A9B-8195-FA6E38E85A02}.Release|x86.Build.0 = Release|Any CPU
		{A9C306AA-A8AB-4972-8283-A1FCDA54467A}.Debug|Any CPU.ActiveCfg = Debug|Any CPU
		{A9C306AA-A8AB-4972-8283-A1FCDA54467A}.Debug|Any CPU.Build.0 = Debug|Any CPU
		{A9C306AA-A8AB-4972-8283-A1FCDA54467A}.Debug|x64.ActiveCfg = Debug|Any CPU
		{A9C306AA-A8AB-4972-8283-A1FCDA54467A}.Debug|x64.Build.0 = Debug|Any CPU
		{A9C306AA-A8AB-4972-8283-A1FCDA54467A}.Debug|x86.ActiveCfg = Debug|Any CPU
		{A9C306AA-A8AB-4972-8283-A1FCDA54467A}.Debug|x86.Build.0 = Debug|Any CPU
		{A9C306AA-A8AB-4972-8283-A1FCDA54467A}.Release|Any CPU.ActiveCfg = Release|Any CPU
		{A9C306AA-A8AB-4972-8283-A1FCDA54467A}.Release|Any CPU.Build.0 = Release|Any CPU
		{A9C306AA-A8AB-4972-8283-A1FCDA54467A}.Release|x64.ActiveCfg = Release|Any CPU
		{A9C306AA-A8AB-4972-8283-A1FCDA54467A}.Release|x64.Build.0 = Release|Any CPU
		{A9C306AA-A8AB-4972-8283-A1FCDA54467A}.Release|x86.ActiveCfg = Release|Any CPU
		{A9C306AA-A8AB-4972-8283-A1FCDA54467A}.Release|x86.Build.0 = Release|Any CPU
		{2320FDAC-117E-4353-BF07-7F47F5AC5DA7}.Debug|Any CPU.ActiveCfg = Debug|Any CPU
		{2320FDAC-117E-4353-BF07-7F47F5AC5DA7}.Debug|Any CPU.Build.0 = Debug|Any CPU
		{2320FDAC-117E-4353-BF07-7F47F5AC5DA7}.Debug|x64.ActiveCfg = Debug|Any CPU
		{2320FDAC-117E-4353-BF07-7F47F5AC5DA7}.Debug|x64.Build.0 = Debug|Any CPU
		{2320FDAC-117E-4353-BF07-7F47F5AC5DA7}.Debug|x86.ActiveCfg = Debug|Any CPU
		{2320FDAC-117E-4353-BF07-7F47F5AC5DA7}.Debug|x86.Build.0 = Debug|Any CPU
		{2320FDAC-117E-4353-BF07-7F47F5AC5DA7}.Release|Any CPU.ActiveCfg = Release|Any CPU
		{2320FDAC-117E-4353-BF07-7F47F5AC5DA7}.Release|Any CPU.Build.0 = Release|Any CPU
		{2320FDAC-117E-4353-BF07-7F47F5AC5DA7}.Release|x64.ActiveCfg = Release|Any CPU
		{2320FDAC-117E-4353-BF07-7F47F5AC5DA7}.Release|x64.Build.0 = Release|Any CPU
		{2320FDAC-117E-4353-BF07-7F47F5AC5DA7}.Release|x86.ActiveCfg = Release|Any CPU
		{2320FDAC-117E-4353-BF07-7F47F5AC5DA7}.Release|x86.Build.0 = Release|Any CPU
	EndGlobalSection
	GlobalSection(SolutionProperties) = preSolution
		HideSolutionNode = FALSE
	EndGlobalSection
	GlobalSection(NestedProjects) = preSolution
		{C11A64D2-B9E0-4BB1-AC39-84A173AFFCBD} = {0AB3BF05-4346-4AA6-1389-037BE0695223}
		{32237627-6D59-4F15-B650-FE8955131C4F} = {827E0CD3-B72D-47B6-A68D-7590B98EB39B}
		{854DCBC0-1D7B-478E-AC20-48951037B5ED} = {827E0CD3-B72D-47B6-A68D-7590B98EB39B}
		{39F043B5-9424-4524-B95E-EB974B347363} = {827E0CD3-B72D-47B6-A68D-7590B98EB39B}
		{CAA80729-17AC-44B0-9633-77BB991557BD} = {827E0CD3-B72D-47B6-A68D-7590B98EB39B}
		{A21126C4-8CD0-4C79-956C-BBF75E678259} = {827E0CD3-B72D-47B6-A68D-7590B98EB39B}
		{D0485D4F-2CBD-4857-A7FE-AE68CC8D5181} = {827E0CD3-B72D-47B6-A68D-7590B98EB39B}
		{972CE356-0D0F-48D4-8780-9AC12732AB62} = {827E0CD3-B72D-47B6-A68D-7590B98EB39B}
		{C346ADA1-39A4-403A-A2F4-399F644A4089} = {0AB3BF05-4346-4AA6-1389-037BE0695223}
		{6636F690-8F9A-48F1-9B67-EE93B4E2EE62} = {0AB3BF05-4346-4AA6-1389-037BE0695223}
		{C8A5DD1F-9E81-4A9B-8195-FA6E38E85A02} = {0AB3BF05-4346-4AA6-1389-037BE0695223}
		{A9C306AA-A8AB-4972-8283-A1FCDA54467A} = {0AB3BF05-4346-4AA6-1389-037BE0695223}
		{2320FDAC-117E-4353-BF07-7F47F5AC5DA7} = {0AB3BF05-4346-4AA6-1389-037BE0695223}
	EndGlobalSection
EndGlobal
